
Microsoft Visual Studio Solution File, Format Version 12.00
# Visual Studio Version 16
VisualStudioVersion = 16.0.31729.503
MinimumVisualStudioVersion = 10.0.40219.1
Project("{FAE04EC0-301F-11D3-BF4B-00C04F79EFBC}") = "DeligatesAndEvents", "DeligatesAndEvents.csproj", "{C134F6C3-12A1-4D0C-A867-6FC1D201D16A}"
EndProject
Global
	GlobalSection(SolutionConfigurationPlatforms) = preSolution
		Debug|Any CPU = Debug|Any CPU
		Release|Any CPU = Release|Any CPU
	EndGlobalSection
	GlobalSection(ProjectConfigurationPlatforms) = postSolution
		{C134F6C3-12A1-4D0C-A867-6FC1D201D16A}.Debug|Any CPU.ActiveCfg = Debug|Any CPU
		{C134F6C3-12A1-4D0C-A867-6FC1D201D16A}.Debug|Any CPU.Build.0 = Debug|Any CPU
		{C134F6C3-12A1-4D0C-A867-6FC1D201D16A}.Release|Any CPU.ActiveCfg = Release|Any CPU
		{C134F6C3-12A1-4D0C-A867-6FC1D201D16A}.Release|Any CPU.Build.0 = Release|Any CPU
	EndGlobalSection
	GlobalSection(SolutionProperties) = preSolution
		HideSolutionNode = FALSE
	EndGlobalSection
	GlobalSection(ExtensibilityGlobals) = postSolution
		SolutionGuid = {B4E667E6-D1C9-4850-9E13-C4D308E4635E}
	EndGlobalSection
EndGlobal
